// !$*UTF8*$!
{
	archiveVersion = 1;
	classes = {
	};
	objectVersion = 56;
	objects = {

/* Begin PBXBuildFile section */
		8D3063712A37CA24006C5EF5 /* webviewmcApp.swift in Sources */ = {isa = PBXBuildFile; fileRef = 8D3063702A37CA24006C5EF5 /* webviewmcApp.swift */; };
		8D3063732A37CA24006C5EF5 /* ContentView.swift in Sources */ = {isa = PBXBuildFile; fileRef = 8D3063722A37CA24006C5EF5 /* ContentView.swift */; };
		8D3063752A37CA25006C5EF5 /* Assets.xcassets in Resources */ = {isa = PBXBuildFile; fileRef = 8D3063742A37CA25006C5EF5 /* Assets.xcassets */; };
		8D3063792A37CA25006C5EF5 /* Preview Assets.xcassets in Resources */ = {isa = PBXBuildFile; fileRef = 8D3063782A37CA25006C5EF5 /* Preview Assets.xcassets */; };
		8D3063832A37CA26006C5EF5 /* webviewmcTests.swift in Sources */ = {isa = PBXBuildFile; fileRef = 8D3063822A37CA26006C5EF5 /* webviewmcTests.swift */; };
		8D30638D2A37CA26006C5EF5 /* webviewmcUITests.swift in Sources */ = {isa = PBXBuildFile; fileRef = 8D30638C2A37CA26006C5EF5 /* webviewmcUITests.swift */; };
		8D30638F2A37CA26006C5EF5 /* webviewmcUITestsLaunchTests.swift in Sources */ = {isa = PBXBuildFile; fileRef = 8D30638E2A37CA26006C5EF5 /* webviewmcUITestsLaunchTests.swift */; };
		8D30639C2A37D13A006C5EF5 /* Viwncontroller.swift in Sources */ = {isa = PBXBuildFile; fileRef = 8D30639B2A37D13A006C5EF5 /* Viwncontroller.swift */; };
/* End PBXBuildFile section */

/* Begin PBXContainerItemProxy section */
		8D30637F2A37CA26006C5EF5 /* PBXContainerItemProxy */ = {
			isa = PBXContainerItemProxy;
			containerPortal = 8D3063652A37CA24006C5EF5 /* Project object */;
			proxyType = 1;
			remoteGlobalIDString = 8D30636C2A37CA24006C5EF5;
			remoteInfo = webviewmc;
		};
		8D3063892A37CA26006C5EF5 /* PBXContainerItemProxy */ = {
			isa = PBXContainerItemProxy;
			containerPortal = 8D3063652A37CA24006C5EF5 /* Project object */;
			proxyType = 1;
			remoteGlobalIDString = 8D30636C2A37CA24006C5EF5;
			remoteInfo = webviewmc;
		};
/* End PBXContainerItemProxy section */

/* Begin PBXFileReference section */
		8D30636D2A37CA24006C5EF5 /* webviewmc.app */ = {isa = PBXFileReference; explicitFileType = wrapper.application; includeInIndex = 0; path = webviewmc.app; sourceTree = BUILT_PRODUCTS_DIR; };
		8D3063702A37CA24006C5EF5 /* webviewmcApp.swift */ = {isa = PBXFileReference; lastKnownFileType = sourcecode.swift; path = webviewmcApp.swift; sourceTree = "<group>"; };
		8D3063722A37CA24006C5EF5 /* ContentView.swift */ = {isa = PBXFileReference; lastKnownFileType = sourcecode.swift; path = ContentView.swift; sourceTree = "<group>"; };
		8D3063742A37CA25006C5EF5 /* Assets.xcassets */ = {isa = PBXFileReference; lastKnownFileType = folder.assetcatalog; path = Assets.xcassets; sourceTree = "<group>"; };
		8D3063762A37CA25006C5EF5 /* webviewmc.entitlements */ = {isa = PBXFileReference; lastKnownFileType = text.plist.entitlements; path = webviewmc.entitlements; sourceTree = "<group>"; };
		8D3063782A37CA25006C5EF5 /* Preview Assets.xcassets */ = {isa = PBXFileReference; lastKnownFileType = folder.assetcatalog; path = "Preview Assets.xcassets"; sourceTree = "<group>"; };
		8D30637E2A37CA26006C5EF5 /* webviewmcTests.xctest */ = {isa = PBXFileReference; explicitFileType = wrapper.cfbundle; includeInIndex = 0; path = webviewmcTests.xctest; sourceTree = BUILT_PRODUCTS_DIR; };
		8D3063822A37CA26006C5EF5 /* webviewmcTests.swift */ = {isa = PBXFileReference; lastKnownFileType = sourcecode.swift; path = webviewmcTests.swift; sourceTree = "<group>"; };
		8D3063882A37CA26006C5EF5 /* webviewmcUITests.xctest */ = {isa = PBXFileReference; explicitFileType = wrapper.cfbundle; includeInIndex = 0; path = webviewmcUITests.xctest; sourceTree = BUILT_PRODUCTS_DIR; };
		8D30638C2A37CA26006C5EF5 /* webviewmcUITests.swift */ = {isa = PBXFileReference; lastKnownFileType = sourcecode.swift; path = webviewmcUITests.swift; sourceTree = "<group>"; };
		8D30638E2A37CA26006C5EF5 /* webviewmcUITestsLaunchTests.swift */ = {isa = PBXFileReference; lastKnownFileType = sourcecode.swift; path = webviewmcUITestsLaunchTests.swift; sourceTree = "<group>"; };
		8D30639B2A37D13A006C5EF5 /* Viwncontroller.swift */ = {isa = PBXFileReference; lastKnownFileType = sourcecode.swift; path = Viwncontroller.swift; sourceTree = "<group>"; };
/* End PBXFileReference section */

/* Begin PBXFrameworksBuildPhase section */
		8D30636A2A37CA24006C5EF5 /* Frameworks */ = {
			isa = PBXFrameworksBuildPhase;
			buildActionMask = 2147483647;
			files = (
			);
			runOnlyForDeploymentPostprocessing = 0;
		};
		8D30637B2A37CA26006C5EF5 /* Frameworks */ = {
			isa = PBXFrameworksBuildPhase;
			buildActionMask = 2147483647;
			files = (
			);
			runOnlyForDeploymentPostprocessing = 0;
		};
		8D3063852A37CA26006C5EF5 /* Frameworks */ = {
			isa = PBXFrameworksBuildPhase;
			buildActionMask = 2147483647;
			files = (
			);
			runOnlyForDeploymentPostprocessing = 0;
		};
/* End PBXFrameworksBuildPhase section */

/* Begin PBXGroup section */
		8D3063642A37CA24006C5EF5 = {
			isa = PBXGroup;
			children = (
				8D30636F2A37CA24006C5EF5 /* webviewmc */,
				8D3063812A37CA26006C5EF5 /* webviewmcTests */,
				8D30638B2A37CA26006C5EF5 /* webviewmcUITests */,
				8D30636E2A37CA24006C5EF5 /* Products */,
			);
			sourceTree = "<group>";
		};
		8D30636E2A37CA24006C5EF5 /* Products */ = {
			isa = PBXGroup;
			children = (
				8D30636D2A37CA24006C5EF5 /* webviewmc.app */,
				8D30637E2A37CA26006C5EF5 /* webviewmcTests.xctest */,
				8D3063882A37CA26006C5EF5 /* webviewmcUITests.xctest */,
			);
			name = Products;
			sourceTree = "<group>";
		};
		8D30636F2A37CA24006C5EF5 /* webviewmc */ = {
			isa = PBXGroup;
			children = (
				8D3063702A37CA24006C5EF5 /* webviewmcApp.swift */,
				8D3063722A37CA24006C5EF5 /* ContentView.swift */,
				8D3063742A37CA25006C5EF5 /* Assets.xcassets */,
				8D30639B2A37D13A006C5EF5 /* Viwncontroller.swift */,
				8D3063762A37CA25006C5EF5 /* webviewmc.entitlements */,
				8D3063772A37CA25006C5EF5 /* Preview Content */,
			);
			path = webviewmc;
			sourceTree = "<group>";
		};
		8D3063772A37CA25006C5EF5 /* Preview Content */ = {
			isa = PBXGroup;
			children = (
				8D3063782A37CA25006C5EF5 /* Preview Assets.xcassets */,
			);
			path = "Preview Content";
			sourceTree = "<group>";
		};
		8D3063812A37CA26006C5EF5 /* webviewmcTests */ = {
			isa = PBXGroup;
			children = (
				8D3063822A37CA26006C5EF5 /* webviewmcTests.swift */,
			);
			path = webviewmcTests;
			sourceTree = "<group>";
		};
		8D30638B2A37CA26006C5EF5 /* webviewmcUITests */ = {
			isa = PBXGroup;
			children = (
				8D30638C2A37CA26006C5EF5 /* webviewmcUITests.swift */,
				8D30638E2A37CA26006C5EF5 /* webviewmcUITestsLaunchTests.swift */,
			);
			path = webviewmcUITests;
			sourceTree = "<group>";
		};
/* End PBXGroup section */

/* Begin PBXNativeTarget section */
		8D30636C2A37CA24006C5EF5 /* webviewmc */ = {
			isa = PBXNativeTarget;
			buildConfigurationList = 8D3063922A37CA26006C5EF5 /* Build configuration list for PBXNativeTarget "webviewmc" */;
			buildPhases = (
				8D3063692A37CA24006C5EF5 /* Sources */,
				8D30636A2A37CA24006C5EF5 /* Frameworks */,
				8D30636B2A37CA24006C5EF5 /* Resources */,
			);
			buildRules = (
			);
			dependencies = (
			);
			name = webviewmc;
			productName = webviewmc;
			productReference = 8D30636D2A37CA24006C5EF5 /* webviewmc.app */;
			productType = "com.apple.product-type.application";
		};
		8D30637D2A37CA26006C5EF5 /* webviewmcTests */ = {
			isa = PBXNativeTarget;
			buildConfigurationList = 8D3063952A37CA26006C5EF5 /* Build configuration list for PBXNativeTarget "webviewmcTests" */;
			buildPhases = (
				8D30637A2A37CA26006C5EF5 /* Sources */,
				8D30637B2A37CA26006C5EF5 /* Frameworks */,
				8D30637C2A37CA26006C5EF5 /* Resources */,
			);
			buildRules = (
			);
			dependencies = (
				8D3063802A37CA26006C5EF5 /* PBXTargetDependency */,
			);
			name = webviewmcTests;
			productName = webviewmcTests;
			productReference = 8D30637E2A37CA26006C5EF5 /* webviewmcTests.xctest */;
			productType = "com.apple.product-type.bundle.unit-test";
		};
		8D3063872A37CA26006C5EF5 /* webviewmcUITests */ = {
			isa = PBXNativeTarget;
			buildConfigurationList = 8D3063982A37CA26006C5EF5 /* Build configuration list for PBXNativeTarget "webviewmcUITests" */;
			buildPhases = (
				8D3063842A37CA26006C5EF5 /* Sources */,
				8D3063852A37CA26006C5EF5 /* Frameworks */,
				8D3063862A37CA26006C5EF5 /* Resources */,
			);
			buildRules = (
			);
			dependencies = (
				8D30638A2A37CA26006C5EF5 /* PBXTargetDependency */,
			);
			name = webviewmcUITests;
			productName = webviewmcUITests;
			productReference = 8D3063882A37CA26006C5EF5 /* webviewmcUITests.xctest */;
			productType = "com.apple.product-type.bundle.ui-testing";
		};
/* End PBXNativeTarget section */

/* Begin PBXProject section */
		8D3063652A37CA24006C5EF5 /* Project object */ = {
			isa = PBXProject;
			attributes = {
				BuildIndependentTargetsInParallel = 1;
				LastSwiftUpdateCheck = 1430;
				LastUpgradeCheck = 1430;
				TargetAttributes = {
					8D30636C2A37CA24006C5EF5 = {
						CreatedOnToolsVersion = 14.3.1;
					};
					8D30637D2A37CA26006C5EF5 = {
						CreatedOnToolsVersion = 14.3.1;
						TestTargetID = 8D30636C2A37CA24006C5EF5;
					};
					8D3063872A37CA26006C5EF5 = {
						CreatedOnToolsVersion = 14.3.1;
						TestTargetID = 8D30636C2A37CA24006C5EF5;
					};
				};
			};
			buildConfigurationList = 8D3063682A37CA24006C5EF5 /* Build configuration list for PBXProject "webviewmc" */;
			compatibilityVersion = "Xcode 14.0";
			developmentRegion = en;
			hasScannedForEncodings = 0;
			knownRegions = (
				en,
				Base,
			);
			mainGroup = 8D3063642A37CA24006C5EF5;
			productRefGroup = 8D30636E2A37CA24006C5EF5 /* Products */;
			projectDirPath = "";
			projectRoot = "";
			targets = (
				8D30636C2A37CA24006C5EF5 /* webviewmc */,
				8D30637D2A37CA26006C5EF5 /* webviewmcTests */,
				8D3063872A37CA26006C5EF5 /* webviewmcUITests */,
			);
		};
/* End PBXProject section */

/* Begin PBXResourcesBuildPhase section */
		8D30636B2A37CA24006C5EF5 /* Resources */ = {
			isa = PBXResourcesBuildPhase;
			buildActionMask = 2147483647;
			files = (
				8D3063792A37CA25006C5EF5 /* Preview Assets.xcassets in Resources */,
				8D3063752A37CA25006C5EF5 /* Assets.xcassets in Resources */,
			);
			runOnlyForDeploymentPostprocessing = 0;
		};
		8D30637C2A37CA26006C5EF5 /* Resources */ = {
			isa = PBXResourcesBuildPhase;
			buildActionMask = 2147483647;
			files = (
			);
			runOnlyForDeploymentPostprocessing = 0;
		};
		8D3063862A37CA26006C5EF5 /* Resources */ = {
			isa = PBXResourcesBuildPhase;
			buildActionMask = 2147483647;
			files = (
			);
			runOnlyForDeploymentPostprocessing = 0;
		};
/* End PBXResourcesBuildPhase section */

/* Begin PBXSourcesBuildPhase section */
		8D3063692A37CA24006C5EF5 /* Sources */ = {
			isa = PBXSourcesBuildPhase;
			buildActionMask = 2147483647;
			files = (
				8D3063732A37CA24006C5EF5 /* ContentView.swift in Sources */,
				8D3063712A37CA24006C5EF5 /* webviewmcApp.swift in Sources */,
				8D30639C2A37D13A006C5EF5 /* Viwncontroller.swift in Sources */,
			);
			runOnlyForDeploymentPostprocessing = 0;
		};
		8D30637A2A37CA26006C5EF5 /* Sources */ = {
			isa = PBXSourcesBuildPhase;
			buildActionMask = 2147483647;
			files = (
				8D3063832A37CA26006C5EF5 /* webviewmcTests.swift in Sources */,
			);
			runOnlyForDeploymentPostprocessing = 0;
		};
		8D3063842A37CA26006C5EF5 /* Sources */ = {
			isa = PBXSourcesBuildPhase;
			buildActionMask = 2147483647;
			files = (
				8D30638F2A37CA26006C5EF5 /* webviewmcUITestsLaunchTests.swift in Sources */,
				8D30638D2A37CA26006C5EF5 /* webviewmcUITests.swift in Sources */,
			);
			runOnlyForDeploymentPostprocessing = 0;
		};
/* End PBXSourcesBuildPhase section */

/* Begin PBXTargetDependency section */
		8D3063802A37CA26006C5EF5 /* PBXTargetDependency */ = {
			isa = PBXTargetDependency;
			target = 8D30636C2A37CA24006C5EF5 /* webviewmc */;
			targetProxy = 8D30637F2A37CA26006C5EF5 /* PBXContainerItemProxy */;
		};
		8D30638A2A37CA26006C5EF5 /* PBXTargetDependency */ = {
			isa = PBXTargetDependency;
			target = 8D30636C2A37CA24006C5EF5 /* webviewmc */;
			targetProxy = 8D3063892A37CA26006C5EF5 /* PBXContainerItemProxy */;
		};
/* End PBXTargetDependency section */

/* Begin XCBuildConfiguration section */
		8D3063902A37CA26006C5EF5 /* Debug */ = {
			isa = XCBuildConfiguration;
			buildSettings = {
				ALWAYS_SEARCH_USER_PATHS = NO;
				CLANG_ANALYZER_NONNULL = YES;
				CLANG_ANALYZER_NUMBER_OBJECT_CONVERSION = YES_AGGRESSIVE;
				CLANG_CXX_LANGUAGE_STANDARD = "gnu++20";
				CLANG_ENABLE_MODULES = YES;
				CLANG_ENABLE_OBJC_ARC = YES;
				CLANG_ENABLE_OBJC_WEAK = YES;
				CLANG_WARN_BLOCK_CAPTURE_AUTORELEASING = YES;
				CLANG_WARN_BOOL_CONVERSION = YES;
				CLANG_WARN_COMMA = YES;
				CLANG_WARN_CONSTANT_CONVERSION = YES;
				CLANG_WARN_DEPRECATED_OBJC_IMPLEMENTATIONS = YES;
				CLANG_WARN_DIRECT_OBJC_ISA_USAGE = YES_ERROR;
				CLANG_WARN_DOCUMENTATION_COMMENTS = YES;
				CLANG_WARN_EMPTY_BODY = YES;
				CLANG_WARN_ENUM_CONVERSION = YES;
				CLANG_WARN_INFINITE_RECURSION = YES;
				CLANG_WARN_INT_CONVERSION = YES;
				CLANG_WARN_NON_LITERAL_NULL_CONVERSION = YES;
				CLANG_WARN_OBJC_IMPLICIT_RETAIN_SELF = YES;
				CLANG_WARN_OBJC_LITERAL_CONVERSION = YES;
				CLANG_WARN_OBJC_ROOT_CLASS = YES_ERROR;
				CLANG_WARN_QUOTED_INCLUDE_IN_FRAMEWORK_HEADER = YES;
				CLANG_WARN_RANGE_LOOP_ANALYSIS = YES;
				CLANG_WARN_STRICT_PROTOTYPES = YES;
				CLANG_WARN_SUSPICIOUS_MOVE = YES;
				CLANG_WARN_UNGUARDED_AVAILABILITY = YES_AGGRESSIVE;
				CLANG_WARN_UNREACHABLE_CODE = YES;
				CLANG_WARN__DUPLICATE_METHOD_MATCH = YES;
				COPY_PHASE_STRIP = NO;
				DEBUG_INFORMATION_FORMAT = dwarf;
				ENABLE_STRICT_OBJC_MSGSEND = YES;
				ENABLE_TESTABILITY = YES;
				GCC_C_LANGUAGE_STANDARD = gnu11;
				GCC_DYNAMIC_NO_PIC = NO;
				GCC_NO_COMMON_BLOCKS = YES;
				GCC_OPTIMIZATION_LEVEL = 0;
				GCC_PREPROCESSOR_DEFINITIONS = (
					"DEBUG=1",
					"$(inherited)",
				);
				GCC_WARN_64_TO_32_BIT_CONVERSION = YES;
				GCC_WARN_ABOUT_RETURN_TYPE = YES_ERROR;
				GCC_WARN_UNDECLARED_SELECTOR = YES;
				GCC_WARN_UNINITIALIZED_AUTOS = YES_AGGRESSIVE;
				GCC_WARN_UNUSED_FUNCTION = YES;
				GCC_WARN_UNUSED_VARIABLE = YES;
				MTL_ENABLE_DEBUG_INFO = INCLUDE_SOURCE;
				MTL_FAST_MATH = YES;
				ONLY_ACTIVE_ARCH = YES;
				SWIFT_ACTIVE_COMPILATION_CONDITIONS = DEBUG;
				SWIFT_OPTIMIZATION_LEVEL = "-Onone";
			};
			name = Debug;
		};
		8D3063912A37CA26006C5EF5 /* Release */ = {
			isa = XCBuildConfiguration;
			buildSettings = {
				ALWAYS_SEARCH_USER_PATHS = NO;
				CLANG_ANALYZER_NONNULL = YES;
				CLANG_ANALYZER_NUMBER_OBJECT_CONVERSION = YES_AGGRESSIVE;
				CLANG_CXX_LANGUAGE_STANDARD = "gnu++20";
				CLANG_ENABLE_MODULES = YES;
				CLANG_ENABLE_OBJC_ARC = YES;
				CLANG_ENABLE_OBJC_WEAK = YES;
				CLANG_WARN_BLOCK_CAPTURE_AUTORELEASING = YES;
				CLANG_WARN_BOOL_CONVERSION = YES;
				CLANG_WARN_COMMA = YES;
				CLANG_WARN_CONSTANT_CONVERSION = YES;
				CLANG_WARN_DEPRECATED_OBJC_IMPLEMENTATIONS = YES;
				CLANG_WARN_DIRECT_OBJC_ISA_USAGE = YES_ERROR;
				CLANG_WARN_DOCUMENTATION_COMMENTS = YES;
				CLANG_WARN_EMPTY_BODY = YES;
				CLANG_WARN_ENUM_CONVERSION = YES;
				CLANG_WARN_INFINITE_RECURSION = YES;
				CLANG_WARN_INT_CONVERSION = YES;
				CLANG_WARN_NON_LITERAL_NULL_CONVERSION = YES;
				CLANG_WARN_OBJC_IMPLICIT_RETAIN_SELF = YES;
				CLANG_WARN_OBJC_LITERAL_CONVERSION = YES;
				CLANG_WARN_OBJC_ROOT_CLASS = YES_ERROR;
				CLANG_WARN_QUOTED_INCLUDE_IN_FRAMEWORK_HEADER = YES;
				CLANG_WARN_RANGE_LOOP_ANALYSIS = YES;
				CLANG_WARN_STRICT_PROTOTYPES = YES;
				CLANG_WARN_SUSPICIOUS_MOVE = YES;
				CLANG_WARN_UNGUARDED_AVAILABILITY = YES_AGGRESSIVE;
				CLANG_WARN_UNREACHABLE_CODE = YES;
				CLANG_WARN__DUPLICATE_METHOD_MATCH = YES;
				COPY_PHASE_STRIP = NO;
				DEBUG_INFORMATION_FORMAT = "dwarf-with-dsym";
				ENABLE_NS_ASSERTIONS = NO;
				ENABLE_STRICT_OBJC_MSGSEND = YES;
				GCC_C_LANGUAGE_STANDARD = gnu11;
				GCC_NO_COMMON_BLOCKS = YES;
				GCC_WARN_64_TO_32_BIT_CONVERSION = YES;
				GCC_WARN_ABOUT_RETURN_TYPE = YES_ERROR;
				GCC_WARN_UNDECLARED_SELECTOR = YES;
				GCC_WARN_UNINITIALIZED_AUTOS = YES_AGGRESSIVE;
				GCC_WARN_UNUSED_FUNCTION = YES;
				GCC_WARN_UNUSED_VARIABLE = YES;
				MTL_ENABLE_DEBUG_INFO = NO;
				MTL_FAST_MATH = YES;
				SWIFT_COMPILATION_MODE = wholemodule;
				SWIFT_OPTIMIZATION_LEVEL = "-O";
			};
			name = Release;
		};
		8D3063932A37CA26006C5EF5 /* Debug */ = {
			isa = XCBuildConfiguration;
			buildSettings = {
				ASSETCATALOG_COMPILER_APPICON_NAME = AppIcon;
				ASSETCATALOG_COMPILER_GLOBAL_ACCENT_COLOR_NAME = AccentColor;
				CODE_SIGN_ENTITLEMENTS = webviewmc/webviewmc.entitlements;
				CODE_SIGN_STYLE = Automatic;
				CURRENT_PROJECT_VERSION = 1;
				DEVELOPMENT_ASSET_PATHS = "\"webviewmc/Preview Content\"";
				ENABLE_PREVIEWS = YES;
				GENERATE_INFOPLIST_FILE = YES;
				"INFOPLIST_KEY_UIApplicationSceneManifest_Generation[sdk=iphoneos*]" = YES;
				"INFOPLIST_KEY_UIApplicationSceneManifest_Generation[sdk=iphonesimulator*]" = YES;
				"INFOPLIST_KEY_UIApplicationSupportsIndirectInputEvents[sdk=iphoneos*]" = YES;
				"INFOPLIST_KEY_UIApplicationSupportsIndirectInputEvents[sdk=iphonesimulator*]" = YES;
				"INFOPLIST_KEY_UILaunchScreen_Generation[sdk=iphoneos*]" = YES;
				"INFOPLIST_KEY_UILaunchScreen_Generation[sdk=iphonesimulator*]" = YES;
				"INFOPLIST_KEY_UIStatusBarStyle[sdk=iphoneos*]" = UIStatusBarStyleDefault;
				"INFOPLIST_KEY_UIStatusBarStyle[sdk=iphonesimulator*]" = UIStatusBarStyleDefault;
				INFOPLIST_KEY_UISupportedInterfaceOrientations_iPad = "UIInterfaceOrientationPortrait UIInterfaceOrientationPortraitUpsideDown UIInterfaceOrientationLandscapeLeft UIInterfaceOrientationLandscapeRight";
				INFOPLIST_KEY_UISupportedInterfaceOrientations_iPhone = "UIInterfaceOrientationPortrait UIInterfaceOrientationLandscapeLeft UIInterfaceOrientationLandscapeRight";
				IPHONEOS_DEPLOYMENT_TARGET = 16.4;
				LD_RUNPATH_SEARCH_PATHS = "@executable_path/Frameworks";
				"LD_RUNPATH_SEARCH_PATHS[sdk=macosx*]" = "@executable_path/../Frameworks";
				MACOSX_DEPLOYMENT_TARGET = 13.3;
				MARKETING_VERSION = 1.0;
				PRODUCT_BUNDLE_IDENTIFIER = com.carmonacruz.webviewmc;
				PRODUCT_NAME = "$(TARGET_NAME)";
				SDKROOT = auto;
				SUPPORTED_PLATFORMS = "iphoneos iphonesimulator macosx";
				SWIFT_EMIT_LOC_STRINGS = YES;
				SWIFT_VERSION = 5.0;
				TARGETED_DEVICE_FAMILY = "1,2";
			};
			name = Debug;
		};
		8D3063942A37CA26006C5EF5 /* Release */ = {
			isa = XCBuildConfiguration;
			buildSettings = {
				ASSETCATALOG_COMPILER_APPICON_NAME = AppIcon;
				ASSETCATALOG_COMPILER_GLOBAL_ACCENT_COLOR_NAME = AccentColor;
				CODE_SIGN_ENTITLEMENTS = webviewmc/webviewmc.entitlements;
				CODE_SIGN_STYLE = Automatic;
				CURRENT_PROJECT_VERSION = 1;
				DEVELOPMENT_ASSET_PATHS = "\"webviewmc/Preview Content\"";
				ENABLE_PREVIEWS = YES;
				GENERATE_INFOPLIST_FILE = YES;
				"INFOPLIST_KEY_UIApplicationSceneManifest_Generation[sdk=iphoneos*]" = YES;
				"INFOPLIST_KEY_UIApplicationSceneManifest_Generation[sdk=iphonesimulator*]" = YES;
				"INFOPLIST_KEY_UIApplicationSupportsIndirectInputEvents[sdk=iphoneos*]" = YES;
				"INFOPLIST_KEY_UIApplicationSupportsIndirectInputEvents[sdk=iphonesimulator*]" = YES;
				"INFOPLIST_KEY_UILaunchScreen_Generation[sdk=iphoneos*]" = YES;
				"INFOPLIST_KEY_UILaunchScreen_Generation[sdk=iphonesimulator*]" = YES;
				"INFOPLIST_KEY_UIStatusBarStyle[sdk=iphoneos*]" = UIStatusBarStyleDefault;
				"INFOPLIST_KEY_UIStatusBarStyle[sdk=iphonesimulator*]" = UIStatusBarStyleDefault;
				INFOPLIST_KEY_UISupportedInterfaceOrientations_iPad = "UIInterfaceOrientationPortrait UIInterfaceOrientationPortraitUpsideDown UIInterfaceOrientationLandscapeLeft UIInterfaceOrientationLandscapeRight";
				INFOPLIST_KEY_UISupportedInterfaceOrientations_iPhone = "UIInterfaceOrientationPortrait UIInterfaceOrientationLandscapeLeft UIInterfaceOrientationLandscapeRight";
				IPHONEOS_DEPLOYMENT_TARGET = 16.4;
				LD_RUNPATH_SEARCH_PATHS = "@executable_path/Frameworks";
				"LD_RUNPATH_SEARCH_PATHS[sdk=macosx*]" = "@executable_path/../Frameworks";
				MACOSX_DEPLOYMENT_TARGET = 13.3;
				MARKETING_VERSION = 1.0;
				PRODUCT_BUNDLE_IDENTIFIER = com.carmonacruz.webviewmc;
				PRODUCT_NAME = "$(TARGET_NAME)";
				SDKROOT = auto;
				SUPPORTED_PLATFORMS = "iphoneos iphonesimulator macosx";
				SWIFT_EMIT_LOC_STRINGS = YES;
				SWIFT_VERSION = 5.0;
				TARGETED_DEVICE_FAMILY = "1,2";
			};
			name = Release;
		};
		8D3063962A37CA26006C5EF5 /* Debug */ = {
			isa = XCBuildConfiguration;
			buildSettings = {
				ALWAYS_EMBED_SWIFT_STANDARD_LIBRARIES = YES;
				BUNDLE_LOADER = "$(TEST_HOST)";
				CODE_SIGN_STYLE = Automatic;
				CURRENT_PROJECT_VERSION = 1;
				GENERATE_INFOPLIST_FILE = YES;
				IPHONEOS_DEPLOYMENT_TARGET = 16.4;
				MACOSX_DEPLOYMENT_TARGET = 13.3;
				MARKETING_VERSION = 1.0;
				PRODUCT_BUNDLE_IDENTIFIER = com.carmonacruz.webviewmcTests;
				PRODUCT_NAME = "$(TARGET_NAME)";
				SDKROOT = auto;
				SUPPORTED_PLATFORMS = "iphoneos iphonesimulator macosx";
				SWIFT_EMIT_LOC_STRINGS = NO;
				SWIFT_VERSION = 5.0;
				TARGETED_DEVICE_FAMILY = "1,2";
				TEST_HOST = "$(BUILT_PRODUCTS_DIR)/webviewmc.app/$(BUNDLE_EXECUTABLE_FOLDER_PATH)/webviewmc";
			};
			name = Debug;
		};
		8D3063972A37CA26006C5EF5 /* Release */ = {
			isa = XCBuildConfiguration;
			buildSettings = {
				ALWAYS_EMBED_SWIFT_STANDARD_LIBRARIES = YES;
				BUNDLE_LOADER = "$(TEST_HOST)";
				CODE_SIGN_STYLE = Automatic;
				CURRENT_PROJECT_VERSION = 1;
				GENERATE_INFOPLIST_FILE = YES;
				IPHONEOS_DEPLOYMENT_TARGET = 16.4;
				MACOSX_DEPLOYMENT_TARGET = 13.3;
				MARKETING_VERSION = 1.0;
				PRODUCT_BUNDLE_IDENTIFIER = com.carmonacruz.webviewmcTests;
				PRODUCT_NAME = "$(TARGET_NAME)";
				SDKROOT = auto;
				SUPPORTED_PLATFORMS = "iphoneos iphonesimulator macosx";
				SWIFT_EMIT_LOC_STRINGS = NO;
				SWIFT_VERSION = 5.0;
				TARGETED_DEVICE_FAMILY = "1,2";
				TEST_HOST = "$(BUILT_PRODUCTS_DIR)/webviewmc.app/$(BUNDLE_EXECUTABLE_FOLDER_PATH)/webviewmc";
			};
			name = Release;
		};
		8D3063992A37CA26006C5EF5 /* Debug */ = {
			isa = XCBuildConfiguration;
			buildSettings = {
				ALWAYS_EMBED_SWIFT_STANDARD_LIBRARIES = YES;
				CODE_SIGN_STYLE = Automatic;
				CURRENT_PROJECT_VERSION = 1;
				GENERATE_INFOPLIST_FILE = YES;
				IPHONEOS_DEPLOYMENT_TARGET = 16.4;
				MACOSX_DEPLOYMENT_TARGET = 13.3;
				MARKETING_VERSION = 1.0;
				PRODUCT_BUNDLE_IDENTIFIER = com.carmonacruz.webviewmcUITests;
				PRODUCT_NAME = "$(TARGET_NAME)";
				SDKROOT = auto;
				SUPPORTED_PLATFORMS = "iphoneos iphonesimulator macosx";
				SWIFT_EMIT_LOC_STRINGS = NO;
				SWIFT_VERSION = 5.0;
				TARGETED_DEVICE_FAMILY = "1,2";
				TEST_TARGET_NAME = webviewmc;
			};
			name = Debug;
		};
		8D30639A2A37CA26006C5EF5 /* Release */ = {
			isa = XCBuildConfiguration;
			buildSettings = {
				ALWAYS_EMBED_SWIFT_STANDARD_LIBRARIES = YES;
				CODE_SIGN_STYLE = Automatic;
				CURRENT_PROJECT_VERSION = 1;
				GENERATE_INFOPLIST_FILE = YES;
				IPHONEOS_DEPLOYMENT_TARGET = 16.4;
				MACOSX_DEPLOYMENT_TARGET = 13.3;
				MARKETING_VERSION = 1.0;
				PRODUCT_BUNDLE_IDENTIFIER = com.carmonacruz.webviewmcUITests;
				PRODUCT_NAME = "$(TARGET_NAME)";
				SDKROOT = auto;
				SUPPORTED_PLATFORMS = "iphoneos iphonesimulator macosx";
				SWIFT_EMIT_LOC_STRINGS = NO;
				SWIFT_VERSION = 5.0;
				TARGETED_DEVICE_FAMILY = "1,2";
				TEST_TARGET_NAME = webviewmc;
			};
			name = Release;
		};
/* End XCBuildConfiguration section */

/* Begin XCConfigurationList section */
		8D3063682A37CA24006C5EF5 /* Build configuration list for PBXProject "webviewmc" */ = {
			isa = XCConfigurationList;
			buildConfigurations = (
				8D3063902A37CA26006C5EF5 /* Debug */,
				8D3063912A37CA26006C5EF5 /* Release */,
			);
			defaultConfigurationIsVisible = 0;
			defaultConfigurationName = Release;
		};
		8D3063922A37CA26006C5EF5 /* Build configuration list for PBXNativeTarget "webviewmc" */ = {
			isa = XCConfigurationList;
			buildConfigurations = (
				8D3063932A37CA26006C5EF5 /* Debug */,
				8D3063942A37CA26006C5EF5 /* Release */,
			);
			defaultConfigurationIsVisible = 0;
			defaultConfigurationName = Release;
		};
		8D3063952A37CA26006C5EF5 /* Build configuration list for PBXNativeTarget "webviewmcTests" */ = {
			isa = XCConfigurationList;
			buildConfigurations = (
				8D3063962A37CA26006C5EF5 /* Debug */,
				8D3063972A37CA26006C5EF5 /* Release */,
			);
			defaultConfigurationIsVisible = 0;
			defaultConfigurationName = Release;
		};
		8D3063982A37CA26006C5EF5 /* Build configuration list for PBXNativeTarget "webviewmcUITests" */ = {
			isa = XCConfigurationList;
			buildConfigurations = (
				8D3063992A37CA26006C5EF5 /* Debug */,
				8D30639A2A37CA26006C5EF5 /* Release */,
			);
			defaultConfigurationIsVisible = 0;
			defaultConfigurationName = Release;
		};
/* End XCConfigurationList section */
	};
	rootObject = 8D3063652A37CA24006C5EF5 /* Project object */;
}
